
Microsoft Visual Studio Solution File, Format Version 12.00
# Visual Studio Version 17
VisualStudioVersion = 17.0.31903.59
MinimumVisualStudioVersion = 10.0.40219.1
Project("{FAE04EC0-301F-11D3-BF4B-00C04F79EFBC}") = "MySimulation", "MySimulation\MySimulation.csproj", "{183D0D37-C81E-4AD0-92BB-F935B0E16383}"
EndProject
Project("{FAE04EC0-301F-11D3-BF4B-00C04F79EFBC}") = "Sim.Agent", "Sim.Agent\Sim.Agent.csproj", "{1E32C8F9-1872-4051-9981-33ABBADB1438}"
EndProject
Global
	GlobalSection(SolutionConfigurationPlatforms) = preSolution
		Debug|Any CPU = Debug|Any CPU
		Release|Any CPU = Release|Any CPU
	EndGlobalSection
	GlobalSection(SolutionProperties) = preSolution
		HideSolutionNode = FALSE
	EndGlobalSection
	GlobalSection(ProjectConfigurationPlatforms) = postSolution
		{183D0D37-C81E-4AD0-92BB-F935B0E16383}.Debug|Any CPU.ActiveCfg = Debug|Any CPU
		{183D0D37-C81E-4AD0-92BB-F935B0E16383}.Debug|Any CPU.Build.0 = Debug|Any CPU
		{183D0D37-C81E-4AD0-92BB-F935B0E16383}.Release|Any CPU.ActiveCfg = Release|Any CPU
		{183D0D37-C81E-4AD0-92BB-F935B0E16383}.Release|Any CPU.Build.0 = Release|Any CPU
		{1E32C8F9-1872-4051-9981-33ABBADB1438}.Debug|Any CPU.ActiveCfg = Debug|Any CPU
		{1E32C8F9-1872-4051-9981-33ABBADB1438}.Debug|Any CPU.Build.0 = Debug|Any CPU
		{1E32C8F9-1872-4051-9981-33ABBADB1438}.Release|Any CPU.ActiveCfg = Release|Any CPU
		{1E32C8F9-1872-4051-9981-33ABBADB1438}.Release|Any CPU.Build.0 = Release|Any CPU
	EndGlobalSection
EndGlobal
